// !$*UTF8*$!
{
	archiveVersion = 1;
	classes = {
	};
	objectVersion = 55;
	objects = {

/* Begin PBXBuildFile section */
		F17D3C3E27B4DA18005F91C1 /* AppDelegate.swift in Sources */ = {isa = PBXBuildFile; fileRef = F17D3C3D27B4DA18005F91C1 /* AppDelegate.swift */; };
		F17D3C4027B4DA18005F91C1 /* SceneDelegate.swift in Sources */ = {isa = PBXBuildFile; fileRef = F17D3C3F27B4DA18005F91C1 /* SceneDelegate.swift */; };
		F17D3C4227B4DA18005F91C1 /* ViewController.swift in Sources */ = {isa = PBXBuildFile; fileRef = F17D3C4127B4DA18005F91C1 /* ViewController.swift */; };
		F17D3C4527B4DA18005F91C1 /* Main.storyboard in Resources */ = {isa = PBXBuildFile; fileRef = F17D3C4327B4DA18005F91C1 /* Main.storyboard */; };
		F17D3C4727B4DA1C005F91C1 /* Assets.xcassets in Resources */ = {isa = PBXBuildFile; fileRef = F17D3C4627B4DA1C005F91C1 /* Assets.xcassets */; };
		F17D3C4A27B4DA1C005F91C1 /* LaunchScreen.storyboard in Resources */ = {isa = PBXBuildFile; fileRef = F17D3C4827B4DA1C005F91C1 /* LaunchScreen.storyboard */; };
		F17D3C5527B4DA1D005F91C1 /* HackwichThreeTests.swift in Sources */ = {isa = PBXBuildFile; fileRef = F17D3C5427B4DA1D005F91C1 /* HackwichThreeTests.swift */; };
		F17D3C5F27B4DA1D005F91C1 /* HackwichThreeUITests.swift in Sources */ = {isa = PBXBuildFile; fileRef = F17D3C5E27B4DA1D005F91C1 /* HackwichThreeUITests.swift */; };
		F17D3C6127B4DA1D005F91C1 /* HackwichThreeUITestsLaunchTests.swift in Sources */ = {isa = PBXBuildFile; fileRef = F17D3C6027B4DA1D005F91C1 /* HackwichThreeUITestsLaunchTests.swift */; };
/* End PBXBuildFile section */

/* Begin PBXContainerItemProxy section */
		F17D3C5127B4DA1D005F91C1 /* PBXContainerItemProxy */ = {
			isa = PBXContainerItemProxy;
			containerPortal = F17D3C3227B4DA18005F91C1 /* Project object */;
			proxyType = 1;
			remoteGlobalIDString = F17D3C3927B4DA18005F91C1;
			remoteInfo = HackwichThree;
		};
		F17D3C5B27B4DA1D005F91C1 /* PBXContainerItemProxy */ = {
			isa = PBXContainerItemProxy;
			containerPortal = F17D3C3227B4DA18005F91C1 /* Project object */;
			proxyType = 1;
			remoteGlobalIDString = F17D3C3927B4DA18005F91C1;
			remoteInfo = HackwichThree;
		};
/* End PBXContainerItemProxy section */

/* Begin PBXFileReference section */
		F17D3C3A27B4DA18005F91C1 /* HackwichThree.app */ = {isa = PBXFileReference; explicitFileType = wrapper.application; includeInIndex = 0; path = HackwichThree.app; sourceTree = BUILT_PRODUCTS_DIR; };
		F17D3C3D27B4DA18005F91C1 /* AppDelegate.swift */ = {isa = PBXFileReference; lastKnownFileType = sourcecode.swift; path = AppDelegate.swift; sourceTree = "<group>"; };
		F17D3C3F27B4DA18005F91C1 /* SceneDelegate.swift */ = {isa = PBXFileReference; lastKnownFileType = sourcecode.swift; path = SceneDelegate.swift; sourceTree = "<group>"; };
		F17D3C4127B4DA18005F91C1 /* ViewController.swift */ = {isa = PBXFileReference; lastKnownFileType = sourcecode.swift; path = ViewController.swift; sourceTree = "<group>"; };
		F17D3C4427B4DA18005F91C1 /* Base */ = {isa = PBXFileReference; lastKnownFileType = file.storyboard; name = Base; path = Base.lproj/Main.storyboard; sourceTree = "<group>"; };
		F17D3C4627B4DA1C005F91C1 /* Assets.xcassets */ = {isa = PBXFileReference; lastKnownFileType = folder.assetcatalog; path = Assets.xcassets; sourceTree = "<group>"; };
		F17D3C4927B4DA1C005F91C1 /* Base */ = {isa = PBXFileReference; lastKnownFileType = file.storyboard; name = Base; path = Base.lproj/LaunchScreen.storyboard; sourceTree = "<group>"; };
		F17D3C4B27B4DA1C005F91C1 /* Info.plist */ = {isa = PBXFileReference; lastKnownFileType = text.plist.xml; path = Info.plist; sourceTree = "<group>"; };
		F17D3C5027B4DA1D005F91C1 /* HackwichThreeTests.xctest */ = {isa = PBXFileReference; explicitFileType = wrapper.cfbundle; includeInIndex = 0; path = HackwichThreeTests.xctest; sourceTree = BUILT_PRODUCTS_DIR; };
		F17D3C5427B4DA1D005F91C1 /* HackwichThreeTests.swift */ = {isa = PBXFileReference; lastKnownFileType = sourcecode.swift; path = HackwichThreeTests.swift; sourceTree = "<group>"; };
		F17D3C5A27B4DA1D005F91C1 /* HackwichThreeUITests.xctest */ = {isa = PBXFileReference; explicitFileType = wrapper.cfbundle; includeInIndex = 0; path = HackwichThreeUITests.xctest; sourceTree = BUILT_PRODUCTS_DIR; };
		F17D3C5E27B4DA1D005F91C1 /* HackwichThreeUITests.swift */ = {isa = PBXFileReference; lastKnownFileType = sourcecode.swift; path = HackwichThreeUITests.swift; sourceTree = "<group>"; };
		F17D3C6027B4DA1D005F91C1 /* HackwichThreeUITestsLaunchTests.swift */ = {isa = PBXFileReference; lastKnownFileType = sourcecode.swift; path = HackwichThreeUITestsLaunchTests.swift; sourceTree = "<group>"; };
/* End PBXFileReference section */

/* Begin PBXFrameworksBuildPhase section */
		F17D3C3727B4DA18005F91C1 /* Frameworks */ = {
			isa = PBXFrameworksBuildPhase;
			buildActionMask = 2147483647;
			files = (
			);
			runOnlyForDeploymentPostprocessing = 0;
		};
		F17D3C4D27B4DA1D005F91C1 /* Frameworks */ = {
			isa = PBXFrameworksBuildPhase;
			buildActionMask = 2147483647;
			files = (
			);
			runOnlyForDeploymentPostprocessing = 0;
		};
		F17D3C5727B4DA1D005F91C1 /* Frameworks */ = {
			isa = PBXFrameworksBuildPhase;
			buildActionMask = 2147483647;
			files = (
			);
			runOnlyForDeploymentPostprocessing = 0;
		};
/* End PBXFrameworksBuildPhase section */

/* Begin PBXGroup section */
		F17D3C3127B4DA18005F91C1 = {
			isa = PBXGroup;
			children = (
				F17D3C3C27B4DA18005F91C1 /* HackwichThree */,
				F17D3C5327B4DA1D005F91C1 /* HackwichThreeTests */,
				F17D3C5D27B4DA1D005F91C1 /* HackwichThreeUITests */,
				F17D3C3B27B4DA18005F91C1 /* Products */,
			);
			sourceTree = "<group>";
		};
		F17D3C3B27B4DA18005F91C1 /* Products */ = {
			isa = PBXGroup;
			children = (
				F17D3C3A27B4DA18005F91C1 /* HackwichThree.app */,
				F17D3C5027B4DA1D005F91C1 /* HackwichThreeTests.xctest */,
				F17D3C5A27B4DA1D005F91C1 /* HackwichThreeUITests.xctest */,
			);
			name = Products;
			sourceTree = "<group>";
		};
		F17D3C3C27B4DA18005F91C1 /* HackwichThree */ = {
			isa = PBXGroup;
			children = (
				F17D3C3D27B4DA18005F91C1 /* AppDelegate.swift */,
				F17D3C3F27B4DA18005F91C1 /* SceneDelegate.swift */,
				F17D3C4127B4DA18005F91C1 /* ViewController.swift */,
				F17D3C4327B4DA18005F91C1 /* Main.storyboard */,
				F17D3C4627B4DA1C005F91C1 /* Assets.xcassets */,
				F17D3C4827B4DA1C005F91C1 /* LaunchScreen.storyboard */,
				F17D3C4B27B4DA1C005F91C1 /* Info.plist */,
			);
			path = HackwichThree;
			sourceTree = "<group>";
		};
		F17D3C5327B4DA1D005F91C1 /* HackwichThreeTests */ = {
			isa = PBXGroup;
			children = (
				F17D3C5427B4DA1D005F91C1 /* HackwichThreeTests.swift */,
			);
			path = HackwichThreeTests;
			sourceTree = "<group>";
		};
		F17D3C5D27B4DA1D005F91C1 /* HackwichThreeUITests */ = {
			isa = PBXGroup;
			children = (
				F17D3C5E27B4DA1D005F91C1 /* HackwichThreeUITests.swift */,
				F17D3C6027B4DA1D005F91C1 /* HackwichThreeUITestsLaunchTests.swift */,
			);
			path = HackwichThreeUITests;
			sourceTree = "<group>";
		};
/* End PBXGroup section */

/* Begin PBXNativeTarget section */
		F17D3C3927B4DA18005F91C1 /* HackwichThree */ = {
			isa = PBXNativeTarget;
			buildConfigurationList = F17D3C6427B4DA1D005F91C1 /* Build configuration list for PBXNativeTarget "HackwichThree" */;
			buildPhases = (
				F17D3C3627B4DA18005F91C1 /* Sources */,
				F17D3C3727B4DA18005F91C1 /* Frameworks */,
				F17D3C3827B4DA18005F91C1 /* Resources */,
			);
			buildRules = (
			);
			dependencies = (
			);
			name = HackwichThree;
			productName = HackwichThree;
			productReference = F17D3C3A27B4DA18005F91C1 /* HackwichThree.app */;
			productType = "com.apple.product-type.application";
		};
		F17D3C4F27B4DA1D005F91C1 /* HackwichThreeTests */ = {
			isa = PBXNativeTarget;
			buildConfigurationList = F17D3C6727B4DA1D005F91C1 /* Build configuration list for PBXNativeTarget "HackwichThreeTests" */;
			buildPhases = (
				F17D3C4C27B4DA1D005F91C1 /* Sources */,
				F17D3C4D27B4DA1D005F91C1 /* Frameworks */,
				F17D3C4E27B4DA1D005F91C1 /* Resources */,
			);
			buildRules = (
			);
			dependencies = (
				F17D3C5227B4DA1D005F91C1 /* PBXTargetDependency */,
			);
			name = HackwichThreeTests;
			productName = HackwichThreeTests;
			productReference = F17D3C5027B4DA1D005F91C1 /* HackwichThreeTests.xctest */;
			productType = "com.apple.product-type.bundle.unit-test";
		};
		F17D3C5927B4DA1D005F91C1 /* HackwichThreeUITests */ = {
			isa = PBXNativeTarget;
			buildConfigurationList = F17D3C6A27B4DA1D005F91C1 /* Build configuration list for PBXNativeTarget "HackwichThreeUITests" */;
			buildPhases = (
				F17D3C5627B4DA1D005F91C1 /* Sources */,
				F17D3C5727B4DA1D005F91C1 /* Frameworks */,
				F17D3C5827B4DA1D005F91C1 /* Resources */,
			);
			buildRules = (
			);
			dependencies = (
				F17D3C5C27B4DA1D005F91C1 /* PBXTargetDependency */,
			);
			name = HackwichThreeUITests;
			productName = HackwichThreeUITests;
			productReference = F17D3C5A27B4DA1D005F91C1 /* HackwichThreeUITests.xctest */;
			productType = "com.apple.product-type.bundle.ui-testing";
		};
/* End PBXNativeTarget section */

/* Begin PBXProject section */
		F17D3C3227B4DA18005F91C1 /* Project object */ = {
			isa = PBXProject;
			attributes = {
				BuildIndependentTargetsInParallel = 1;
				LastSwiftUpdateCheck = 1320;
				LastUpgradeCheck = 1320;
				TargetAttributes = {
					F17D3C3927B4DA18005F91C1 = {
						CreatedOnToolsVersion = 13.2.1;
					};
					F17D3C4F27B4DA1D005F91C1 = {
						CreatedOnToolsVersion = 13.2.1;
						TestTargetID = F17D3C3927B4DA18005F91C1;
					};
					F17D3C5927B4DA1D005F91C1 = {
						CreatedOnToolsVersion = 13.2.1;
						TestTargetID = F17D3C3927B4DA18005F91C1;
					};
				};
			};
			buildConfigurationList = F17D3C3527B4DA18005F91C1 /* Build configuration list for PBXProject "HackwichThree" */;
			compatibilityVersion = "Xcode 13.0";
			developmentRegion = en;
			hasScannedForEncodings = 0;
			knownRegions = (
				en,
				Base,
			);
			mainGroup = F17D3C3127B4DA18005F91C1;
			productRefGroup = F17D3C3B27B4DA18005F91C1 /* Products */;
			projectDirPath = "";
			projectRoot = "";
			targets = (
				F17D3C3927B4DA18005F91C1 /* HackwichThree */,
				F17D3C4F27B4DA1D005F91C1 /* HackwichThreeTests */,
				F17D3C5927B4DA1D005F91C1 /* HackwichThreeUITests */,
			);
		};
/* End PBXProject section */

/* Begin PBXResourcesBuildPhase section */
		F17D3C3827B4DA18005F91C1 /* Resources */ = {
			isa = PBXResourcesBuildPhase;
			buildActionMask = 2147483647;
			files = (
				F17D3C4A27B4DA1C005F91C1 /* LaunchScreen.storyboard in Resources */,
				F17D3C4727B4DA1C005F91C1 /* Assets.xcassets in Resources */,
				F17D3C4527B4DA18005F91C1 /* Main.storyboard in Resources */,
			);
			runOnlyForDeploymentPostprocessing = 0;
		};
		F17D3C4E27B4DA1D005F91C1 /* Resources */ = {
			isa = PBXResourcesBuildPhase;
			buildActionMask = 2147483647;
			files = (
			);
			runOnlyForDeploymentPostprocessing = 0;
		};
		F17D3C5827B4DA1D005F91C1 /* Resources */ = {
			isa = PBXResourcesBuildPhase;
			buildActionMask = 2147483647;
			files = (
			);
			runOnlyForDeploymentPostprocessing = 0;
		};
/* End PBXResourcesBuildPhase section */

/* Begin PBXSourcesBuildPhase section */
		F17D3C3627B4DA18005F91C1 /* Sources */ = {
			isa = PBXSourcesBuildPhase;
			buildActionMask = 2147483647;
			files = (
				F17D3C4227B4DA18005F91C1 /* ViewController.swift in Sources */,
				F17D3C3E27B4DA18005F91C1 /* AppDelegate.swift in Sources */,
				F17D3C4027B4DA18005F91C1 /* SceneDelegate.swift in Sources */,
			);
			runOnlyForDeploymentPostprocessing = 0;
		};
		F17D3C4C27B4DA1D005F91C1 /* Sources */ = {
			isa = PBXSourcesBuildPhase;
			buildActionMask = 2147483647;
			files = (
				F17D3C5527B4DA1D005F91C1 /* HackwichThreeTests.swift in Sources */,
			);
			runOnlyForDeploymentPostprocessing = 0;
		};
		F17D3C5627B4DA1D005F91C1 /* Sources */ = {
			isa = PBXSourcesBuildPhase;
			buildActionMask = 2147483647;
			files = (
				F17D3C5F27B4DA1D005F91C1 /* HackwichThreeUITests.swift in Sources */,
				F17D3C6127B4DA1D005F91C1 /* HackwichThreeUITestsLaunchTests.swift in Sources */,
			);
			runOnlyForDeploymentPostprocessing = 0;
		};
/* End PBXSourcesBuildPhase section */

/* Begin PBXTargetDependency section */
		F17D3C5227B4DA1D005F91C1 /* PBXTargetDependency */ = {
			isa = PBXTargetDependency;
			target = F17D3C3927B4DA18005F91C1 /* HackwichThree */;
			targetProxy = F17D3C5127B4DA1D005F91C1 /* PBXContainerItemProxy */;
		};
		F17D3C5C27B4DA1D005F91C1 /* PBXTargetDependency */ = {
			isa = PBXTargetDependency;
			target = F17D3C3927B4DA18005F91C1 /* HackwichThree */;
			targetProxy = F17D3C5B27B4DA1D005F91C1 /* PBXContainerItemProxy */;
		};
/* End PBXTargetDependency section */

/* Begin PBXVariantGroup section */
		F17D3C4327B4DA18005F91C1 /* Main.storyboard */ = {
			isa = PBXVariantGroup;
			children = (
				F17D3C4427B4DA18005F91C1 /* Base */,
			);
			name = Main.storyboard;
			sourceTree = "<group>";
		};
		F17D3C4827B4DA1C005F91C1 /* LaunchScreen.storyboard */ = {
			isa = PBXVariantGroup;
			children = (
				F17D3C4927B4DA1C005F91C1 /* Base */,
			);
			name = LaunchScreen.storyboard;
			sourceTree = "<group>";
		};
/* End PBXVariantGroup section */

/* Begin XCBuildConfiguration section */
		F17D3C6227B4DA1D005F91C1 /* Debug */ = {
			isa = XCBuildConfiguration;
			buildSettings = {
				ALWAYS_SEARCH_USER_PATHS = NO;
				CLANG_ANALYZER_NONNULL = YES;
				CLANG_ANALYZER_NUMBER_OBJECT_CONVERSION = YES_AGGRESSIVE;
				CLANG_CXX_LANGUAGE_STANDARD = "gnu++17";
				CLANG_CXX_LIBRARY = "libc++";
				CLANG_ENABLE_MODULES = YES;
				CLANG_ENABLE_OBJC_ARC = YES;
				CLANG_ENABLE_OBJC_WEAK = YES;
				CLANG_WARN_BLOCK_CAPTURE_AUTORELEASING = YES;
				CLANG_WARN_BOOL_CONVERSION = YES;
				CLANG_WARN_COMMA = YES;
				CLANG_WARN_CONSTANT_CONVERSION = YES;
				CLANG_WARN_DEPRECATED_OBJC_IMPLEMENTATIONS = YES;
				CLANG_WARN_DIRECT_OBJC_ISA_USAGE = YES_ERROR;
				CLANG_WARN_DOCUMENTATION_COMMENTS = YES;
				CLANG_WARN_EMPTY_BODY = YES;
				CLANG_WARN_ENUM_CONVERSION = YES;
				CLANG_WARN_INFINITE_RECURSION = YES;
				CLANG_WARN_INT_CONVERSION = YES;
				CLANG_WARN_NON_LITERAL_NULL_CONVERSION = YES;
				CLANG_WARN_OBJC_IMPLICIT_RETAIN_SELF = YES;
				CLANG_WARN_OBJC_LITERAL_CONVERSION = YES;
				CLANG_WARN_OBJC_ROOT_CLASS = YES_ERROR;
				CLANG_WARN_QUOTED_INCLUDE_IN_FRAMEWORK_HEADER = YES;
				CLANG_WARN_RANGE_LOOP_ANALYSIS = YES;
				CLANG_WARN_STRICT_PROTOTYPES = YES;
				CLANG_WARN_SUSPICIOUS_MOVE = YES;
				CLANG_WARN_UNGUARDED_AVAILABILITY = YES_AGGRESSIVE;
				CLANG_WARN_UNREACHABLE_CODE = YES;
				CLANG_WARN__DUPLICATE_METHOD_MATCH = YES;
				COPY_PHASE_STRIP = NO;
				DEBUG_INFORMATION_FORMAT = dwarf;
				ENABLE_STRICT_OBJC_MSGSEND = YES;
				ENABLE_TESTABILITY = YES;
				GCC_C_LANGUAGE_STANDARD = gnu11;
				GCC_DYNAMIC_NO_PIC = NO;
				GCC_NO_COMMON_BLOCKS = YES;
				GCC_OPTIMIZATION_LEVEL = 0;
				GCC_PREPROCESSOR_DEFINITIONS = (
					"DEBUG=1",
					"$(inherited)",
				);
				GCC_WARN_64_TO_32_BIT_CONVERSION = YES;
				GCC_WARN_ABOUT_RETURN_TYPE = YES_ERROR;
				GCC_WARN_UNDECLARED_SELECTOR = YES;
				GCC_WARN_UNINITIALIZED_AUTOS = YES_AGGRESSIVE;
				GCC_WARN_UNUSED_FUNCTION = YES;
				GCC_WARN_UNUSED_VARIABLE = YES;
				IPHONEOS_DEPLOYMENT_TARGET = 15.2;
				MTL_ENABLE_DEBUG_INFO = INCLUDE_SOURCE;
				MTL_FAST_MATH = YES;
				ONLY_ACTIVE_ARCH = YES;
				SDKROOT = iphoneos;
				SWIFT_ACTIVE_COMPILATION_CONDITIONS = DEBUG;
				SWIFT_OPTIMIZATION_LEVEL = "-Onone";
			};
			name = Debug;
		};
		F17D3C6327B4DA1D005F91C1 /* Release */ = {
			isa = XCBuildConfiguration;
			buildSettings = {
				ALWAYS_SEARCH_USER_PATHS = NO;
				CLANG_ANALYZER_NONNULL = YES;
				CLANG_ANALYZER_NUMBER_OBJECT_CONVERSION = YES_AGGRESSIVE;
				CLANG_CXX_LANGUAGE_STANDARD = "gnu++17";
				CLANG_CXX_LIBRARY = "libc++";
				CLANG_ENABLE_MODULES = YES;
				CLANG_ENABLE_OBJC_ARC = YES;
				CLANG_ENABLE_OBJC_WEAK = YES;
				CLANG_WARN_BLOCK_CAPTURE_AUTORELEASING = YES;
				CLANG_WARN_BOOL_CONVERSION = YES;
				CLANG_WARN_COMMA = YES;
				CLANG_WARN_CONSTANT_CONVERSION = YES;
				CLANG_WARN_DEPRECATED_OBJC_IMPLEMENTATIONS = YES;
				CLANG_WARN_DIRECT_OBJC_ISA_USAGE = YES_ERROR;
				CLANG_WARN_DOCUMENTATION_COMMENTS = YES;
				CLANG_WARN_EMPTY_BODY = YES;
				CLANG_WARN_ENUM_CONVERSION = YES;
				CLANG_WARN_INFINITE_RECURSION = YES;
				CLANG_WARN_INT_CONVERSION = YES;
				CLANG_WARN_NON_LITERAL_NULL_CONVERSION = YES;
				CLANG_WARN_OBJC_IMPLICIT_RETAIN_SELF = YES;
				CLANG_WARN_OBJC_LITERAL_CONVERSION = YES;
				CLANG_WARN_OBJC_ROOT_CLASS = YES_ERROR;
				CLANG_WARN_QUOTED_INCLUDE_IN_FRAMEWORK_HEADER = YES;
				CLANG_WARN_RANGE_LOOP_ANALYSIS = YES;
				CLANG_WARN_STRICT_PROTOTYPES = YES;
				CLANG_WARN_SUSPICIOUS_MOVE = YES;
				CLANG_WARN_UNGUARDED_AVAILABILITY = YES_AGGRESSIVE;
				CLANG_WARN_UNREACHABLE_CODE = YES;
				CLANG_WARN__DUPLICATE_METHOD_MATCH = YES;
				COPY_PHASE_STRIP = NO;
				DEBUG_INFORMATION_FORMAT = "dwarf-with-dsym";
				ENABLE_NS_ASSERTIONS = NO;
				ENABLE_STRICT_OBJC_MSGSEND = YES;
				GCC_C_LANGUAGE_STANDARD = gnu11;
				GCC_NO_COMMON_BLOCKS = YES;
				GCC_WARN_64_TO_32_BIT_CONVERSION = YES;
				GCC_WARN_ABOUT_RETURN_TYPE = YES_ERROR;
				GCC_WARN_UNDECLARED_SELECTOR = YES;
				GCC_WARN_UNINITIALIZED_AUTOS = YES_AGGRESSIVE;
				GCC_WARN_UNUSED_FUNCTION = YES;
				GCC_WARN_UNUSED_VARIABLE = YES;
				IPHONEOS_DEPLOYMENT_TARGET = 15.2;
				MTL_ENABLE_DEBUG_INFO = NO;
				MTL_FAST_MATH = YES;
				SDKROOT = iphoneos;
				SWIFT_COMPILATION_MODE = wholemodule;
				SWIFT_OPTIMIZATION_LEVEL = "-O";
				VALIDATE_PRODUCT = YES;
			};
			name = Release;
		};
		F17D3C6527B4DA1D005F91C1 /* Debug */ = {
			isa = XCBuildConfiguration;
			buildSettings = {
				ASSETCATALOG_COMPILER_APPICON_NAME = AppIcon;
				ASSETCATALOG_COMPILER_GLOBAL_ACCENT_COLOR_NAME = AccentColor;
				CODE_SIGN_STYLE = Automatic;
				CURRENT_PROJECT_VERSION = 1;
				DEVELOPMENT_TEAM = 43WLWVVYY7;
				GENERATE_INFOPLIST_FILE = YES;
				INFOPLIST_FILE = HackwichThree/Info.plist;
				INFOPLIST_KEY_UIApplicationSupportsIndirectInputEvents = YES;
				INFOPLIST_KEY_UILaunchStoryboardName = LaunchScreen;
				INFOPLIST_KEY_UIMainStoryboardFile = Main;
				INFOPLIST_KEY_UISupportedInterfaceOrientations_iPad = "UIInterfaceOrientationPortrait UIInterfaceOrientationPortraitUpsideDown UIInterfaceOrientationLandscapeLeft UIInterfaceOrientationLandscapeRight";
				INFOPLIST_KEY_UISupportedInterfaceOrientations_iPhone = "UIInterfaceOrientationPortrait UIInterfaceOrientationLandscapeLeft UIInterfaceOrientationLandscapeRight";
				LD_RUNPATH_SEARCH_PATHS = (
					"$(inherited)",
					"@executable_path/Frameworks",
				);
				MARKETING_VERSION = 1.0;
				PRODUCT_BUNDLE_IDENTIFIER = UHWO.HackwichThree;
				PRODUCT_NAME = "$(TARGET_NAME)";
				SWIFT_EMIT_LOC_STRINGS = YES;
				SWIFT_VERSION = 5.0;
				TARGETED_DEVICE_FAMILY = "1,2";
			};
			name = Debug;
		};
		F17D3C6627B4DA1D005F91C1 /* Release */ = {
			isa = XCBuildConfiguration;
			buildSettings = {
				ASSETCATALOG_COMPILER_APPICON_NAME = AppIcon;
				ASSETCATALOG_COMPILER_GLOBAL_ACCENT_COLOR_NAME = AccentColor;
				CODE_SIGN_STYLE = Automatic;
				CURRENT_PROJECT_VERSION = 1;
				DEVELOPMENT_TEAM = 43WLWVVYY7;
				GENERATE_INFOPLIST_FILE = YES;
				INFOPLIST_FILE = HackwichThree/Info.plist;
				INFOPLIST_KEY_UIApplicationSupportsIndirectInputEvents = YES;
				INFOPLIST_KEY_UILaunchStoryboardName = LaunchScreen;
				INFOPLIST_KEY_UIMainStoryboardFile = Main;
				INFOPLIST_KEY_UISupportedInterfaceOrientations_iPad = "UIInterfaceOrientationPortrait UIInterfaceOrientationPortraitUpsideDown UIInterfaceOrientationLandscapeLeft UIInterfaceOrientationLandscapeRight";
				INFOPLIST_KEY_UISupportedInterfaceOrientations_iPhone = "UIInterfaceOrientationPortrait UIInterfaceOrientationLandscapeLeft UIInterfaceOrientationLandscapeRight";
				LD_RUNPATH_SEARCH_PATHS = (
					"$(inherited)",
					"@executable_path/Frameworks",
				);
				MARKETING_VERSION = 1.0;
				PRODUCT_BUNDLE_IDENTIFIER = UHWO.HackwichThree;
				PRODUCT_NAME = "$(TARGET_NAME)";
				SWIFT_EMIT_LOC_STRINGS = YES;
				SWIFT_VERSION = 5.0;
				TARGETED_DEVICE_FAMILY = "1,2";
			};
			name = Release;
		};
		F17D3C6827B4DA1D005F91C1 /* Debug */ = {
			isa = XCBuildConfiguration;
			buildSettings = {
				ALWAYS_EMBED_SWIFT_STANDARD_LIBRARIES = YES;
				BUNDLE_LOADER = "$(TEST_HOST)";
				CODE_SIGN_STYLE = Automatic;
				CURRENT_PROJECT_VERSION = 1;
				DEVELOPMENT_TEAM = 43WLWVVYY7;
				GENERATE_INFOPLIST_FILE = YES;
				IPHONEOS_DEPLOYMENT_TARGET = 15.2;
				MARKETING_VERSION = 1.0;
				PRODUCT_BUNDLE_IDENTIFIER = UHWO.HackwichThreeTests;
				PRODUCT_NAME = "$(TARGET_NAME)";
				SWIFT_EMIT_LOC_STRINGS = NO;
				SWIFT_VERSION = 5.0;
				TARGETED_DEVICE_FAMILY = "1,2";
				TEST_HOST = "$(BUILT_PRODUCTS_DIR)/HackwichThree.app/HackwichThree";
			};
			name = Debug;
		};
		F17D3C6927B4DA1D005F91C1 /* Release */ = {
			isa = XCBuildConfiguration;
			buildSettings = {
				ALWAYS_EMBED_SWIFT_STANDARD_LIBRARIES = YES;
				BUNDLE_LOADER = "$(TEST_HOST)";
				CODE_SIGN_STYLE = Automatic;
				CURRENT_PROJECT_VERSION = 1;
				DEVELOPMENT_TEAM = 43WLWVVYY7;
				GENERATE_INFOPLIST_FILE = YES;
				IPHONEOS_DEPLOYMENT_TARGET = 15.2;
				MARKETING_VERSION = 1.0;
				PRODUCT_BUNDLE_IDENTIFIER = UHWO.HackwichThreeTests;
				PRODUCT_NAME = "$(TARGET_NAME)";
				SWIFT_EMIT_LOC_STRINGS = NO;
				SWIFT_VERSION = 5.0;
				TARGETED_DEVICE_FAMILY = "1,2";
				TEST_HOST = "$(BUILT_PRODUCTS_DIR)/HackwichThree.app/HackwichThree";
			};
			name = Release;
		};
		F17D3C6B27B4DA1D005F91C1 /* Debug */ = {
			isa = XCBuildConfiguration;
			buildSettings = {
				ALWAYS_EMBED_SWIFT_STANDARD_LIBRARIES = YES;
				CODE_SIGN_STYLE = Automatic;
				CURRENT_PROJECT_VERSION = 1;
				DEVELOPMENT_TEAM = 43WLWVVYY7;
				GENERATE_INFOPLIST_FILE = YES;
				MARKETING_VERSION = 1.0;
				PRODUCT_BUNDLE_IDENTIFIER = UHWO.HackwichThreeUITests;
				PRODUCT_NAME = "$(TARGET_NAME)";
				SWIFT_EMIT_LOC_STRINGS = NO;
				SWIFT_VERSION = 5.0;
				TARGETED_DEVICE_FAMILY = "1,2";
				TEST_TARGET_NAME = HackwichThree;
			};
			name = Debug;
		};
		F17D3C6C27B4DA1D005F91C1 /* Release */ = {
			isa = XCBuildConfiguration;
			buildSettings = {
				ALWAYS_EMBED_SWIFT_STANDARD_LIBRARIES = YES;
				CODE_SIGN_STYLE = Automatic;
				CURRENT_PROJECT_VERSION = 1;
				DEVELOPMENT_TEAM = 43WLWVVYY7;
				GENERATE_INFOPLIST_FILE = YES;
				MARKETING_VERSION = 1.0;
				PRODUCT_BUNDLE_IDENTIFIER = UHWO.HackwichThreeUITests;
				PRODUCT_NAME = "$(TARGET_NAME)";
				SWIFT_EMIT_LOC_STRINGS = NO;
				SWIFT_VERSION = 5.0;
				TARGETED_DEVICE_FAMILY = "1,2";
				TEST_TARGET_NAME = HackwichThree;
			};
			name = Release;
		};
/* End XCBuildConfiguration section */

/* Begin XCConfigurationList section */
		F17D3C3527B4DA18005F91C1 /* Build configuration list for PBXProject "HackwichThree" */ = {
			isa = XCConfigurationList;
			buildConfigurations = (
				F17D3C6227B4DA1D005F91C1 /* Debug */,
				F17D3C6327B4DA1D005F91C1 /* Release */,
			);
			defaultConfigurationIsVisible = 0;
			defaultConfigurationName = Release;
		};
		F17D3C6427B4DA1D005F91C1 /* Build configuration list for PBXNativeTarget "HackwichThree" */ = {
			isa = XCConfigurationList;
			buildConfigurations = (
				F17D3C6527B4DA1D005F91C1 /* Debug */,
				F17D3C6627B4DA1D005F91C1 /* Release */,
			);
			defaultConfigurationIsVisible = 0;
			defaultConfigurationName = Release;
		};
		F17D3C6727B4DA1D005F91C1 /* Build configuration list for PBXNativeTarget "HackwichThreeTests" */ = {
			isa = XCConfigurationList;
			buildConfigurations = (
				F17D3C6827B4DA1D005F91C1 /* Debug */,
				F17D3C6927B4DA1D005F91C1 /* Release */,
			);
			defaultConfigurationIsVisible = 0;
			defaultConfigurationName = Release;
		};
		F17D3C6A27B4DA1D005F91C1 /* Build configuration list for PBXNativeTarget "HackwichThreeUITests" */ = {
			isa = XCConfigurationList;
			buildConfigurations = (
				F17D3C6B27B4DA1D005F91C1 /* Debug */,
				F17D3C6C27B4DA1D005F91C1 /* Release */,
			);
			defaultConfigurationIsVisible = 0;
			defaultConfigurationName = Release;
		};
/* End XCConfigurationList section */
	};
	rootObject = F17D3C3227B4DA18005F91C1 /* Project object */;
}
